
Microsoft Visual Studio Solution File, Format Version 12.00
# Visual Studio Version 16
VisualStudioVersion = 16.0.30204.135
MinimumVisualStudioVersion = 10.0.40219.1
Project("{2150E333-8FDC-42A3-9474-1A3956D46DE8}") = "Domain", "Domain", "{23FD72AB-705F-4900-8A48-6655C3505549}"
EndProject
Project("{2150E333-8FDC-42A3-9474-1A3956D46DE8}") = "Infra.Bus", "Infra.Bus", "{1D55153E-2358-4336-ABD3-85994AC6A775}"
EndProject
Project("{2150E333-8FDC-42A3-9474-1A3956D46DE8}") = "Infra.IoC", "Infra.IoC", "{139E565E-7186-43EB-80B6-B65689ED9A3C}"
EndProject
Project("{2150E333-8FDC-42A3-9474-1A3956D46DE8}") = "Microservices", "Microservices", "{5416033D-8977-4FB0-B4DC-CB5E2FAA7D1D}"
EndProject
Project("{2150E333-8FDC-42A3-9474-1A3956D46DE8}") = "Gateway", "Gateway", "{75D54A7B-19FB-4BC6-99DD-CB510EA51D81}"
EndProject
Project("{2150E333-8FDC-42A3-9474-1A3956D46DE8}") = "Api", "Api", "{38422C28-4789-4F2B-B364-9ACDB8DF2B68}"
EndProject
Project("{9A19103F-16F7-4668-BE54-9A1E7A4F7556}") = "ISchool.Gateway.Api", "ISchool.Gateway.Api\ISchool.Gateway.Api.csproj", "{98E13F82-FAAB-4917-90F6-55B2AA5F16F8}"
EndProject
Project("{9A19103F-16F7-4668-BE54-9A1E7A4F7556}") = "ISchool.Domain.Core", "ISchool.Domain.Core\ISchool.Domain.Core.csproj", "{E425E302-D5F1-483C-87BF-3C2A5AFF9262}"
EndProject
Project("{9A19103F-16F7-4668-BE54-9A1E7A4F7556}") = "ISchool.Infra.Bus", "ISchool.Infra.Bus\ISchool.Infra.Bus.csproj", "{9E9A646A-E6C2-449D-86E3-470E5FFE4155}"
EndProject
Project("{9A19103F-16F7-4668-BE54-9A1E7A4F7556}") = "ISchool.Infra.IoC", "ISchool.Infra.IoC\ISchool.Infra.IoC.csproj", "{1764D30F-742A-49C7-986C-386C8E32BB0D}"
EndProject
Project("{2150E333-8FDC-42A3-9474-1A3956D46DE8}") = "Extensions", "Extensions", "{A32ED74F-21F7-4CB7-929D-D224175F3E1F}"
EndProject
Project("{9A19103F-16F7-4668-BE54-9A1E7A4F7556}") = "ISchool.Extensions", "ISchool.Extensions\ISchool.Extensions.csproj", "{3C288B03-1C6A-4893-A9F2-CA60DC069181}"
EndProject
Project("{2150E333-8FDC-42A3-9474-1A3956D46DE8}") = "AuthSvc", "AuthSvc", "{5421B4DD-FE5B-47CD-BF47-7FE609503077}"
EndProject
Project("{2150E333-8FDC-42A3-9474-1A3956D46DE8}") = "Api", "Api", "{779FFE09-A2A5-4C81-8D5A-4DB003A07B1F}"
EndProject
Project("{2150E333-8FDC-42A3-9474-1A3956D46DE8}") = "Application", "Application", "{55695007-ECFF-4EDB-80F8-7A79AAFF53AB}"
EndProject
Project("{2150E333-8FDC-42A3-9474-1A3956D46DE8}") = "Data", "Data", "{34FCC643-48AC-4570-9868-7B4A02C5C6C2}"
EndProject
Project("{2150E333-8FDC-42A3-9474-1A3956D46DE8}") = "Domain", "Domain", "{16092F7E-F393-4035-B0E4-E574C4C557F4}"
EndProject
Project("{9A19103F-16F7-4668-BE54-9A1E7A4F7556}") = "ISchool.AuthSvc.Domain", "ISchool.AuthSvc.Domain\ISchool.AuthSvc.Domain.csproj", "{6CD8D9A3-92C0-434B-8199-2A0F9FDB40EA}"
EndProject
Project("{9A19103F-16F7-4668-BE54-9A1E7A4F7556}") = "ISchool.AuthSvc.Data", "ISchool.AuthSvc.Data\ISchool.AuthSvc.Data.csproj", "{254EF05C-32F0-424E-8FBC-434C666BC0F3}"
EndProject
Project("{9A19103F-16F7-4668-BE54-9A1E7A4F7556}") = "ISchool.AuthSvc.Application", "ISchool.AuthSvc.Application\ISchool.AuthSvc.Application.csproj", "{E6B73791-61C7-4430-A700-213A124D487B}"
EndProject
Project("{9A19103F-16F7-4668-BE54-9A1E7A4F7556}") = "ISchool.AuthSvc.Api", "ISchool.AuthSvc.Api\ISchool.AuthSvc.Api.csproj", "{3686F8B1-A503-4EBC-8B8A-4058184C0DCF}"
EndProject
Project("{2150E333-8FDC-42A3-9474-1A3956D46DE8}") = "CenterSvc", "CenterSvc", "{68F71014-5A49-4C07-8EBB-48470428CAE3}"
EndProject
Project("{2150E333-8FDC-42A3-9474-1A3956D46DE8}") = "Api", "Api", "{28BC44E9-4F81-4207-89AC-D741959CDFBF}"
EndProject
Project("{2150E333-8FDC-42A3-9474-1A3956D46DE8}") = "Application", "Application", "{7E1A8154-A159-41D4-8EC7-B5946A29F05D}"
EndProject
Project("{2150E333-8FDC-42A3-9474-1A3956D46DE8}") = "Data", "Data", "{A51C2B2C-A2BD-4DC0-BF58-3CAA2D98F321}"
EndProject
Project("{2150E333-8FDC-42A3-9474-1A3956D46DE8}") = "Domain", "Domain", "{841D1058-5EF3-494E-96C5-635CE03DDED5}"
EndProject
Global
	GlobalSection(SolutionConfigurationPlatforms) = preSolution
		Debug|Any CPU = Debug|Any CPU
		Release|Any CPU = Release|Any CPU
	EndGlobalSection
	GlobalSection(ProjectConfigurationPlatforms) = postSolution
		{98E13F82-FAAB-4917-90F6-55B2AA5F16F8}.Debug|Any CPU.ActiveCfg = Debug|Any CPU
		{98E13F82-FAAB-4917-90F6-55B2AA5F16F8}.Debug|Any CPU.Build.0 = Debug|Any CPU
		{98E13F82-FAAB-4917-90F6-55B2AA5F16F8}.Release|Any CPU.ActiveCfg = Release|Any CPU
		{98E13F82-FAAB-4917-90F6-55B2AA5F16F8}.Release|Any CPU.Build.0 = Release|Any CPU
		{E425E302-D5F1-483C-87BF-3C2A5AFF9262}.Debug|Any CPU.ActiveCfg = Debug|Any CPU
		{E425E302-D5F1-483C-87BF-3C2A5AFF9262}.Debug|Any CPU.Build.0 = Debug|Any CPU
		{E425E302-D5F1-483C-87BF-3C2A5AFF9262}.Release|Any CPU.ActiveCfg = Release|Any CPU
		{E425E302-D5F1-483C-87BF-3C2A5AFF9262}.Release|Any CPU.Build.0 = Release|Any CPU
		{9E9A646A-E6C2-449D-86E3-470E5FFE4155}.Debug|Any CPU.ActiveCfg = Debug|Any CPU
		{9E9A646A-E6C2-449D-86E3-470E5FFE4155}.Debug|Any CPU.Build.0 = Debug|Any CPU
		{9E9A646A-E6C2-449D-86E3-470E5FFE4155}.Release|Any CPU.ActiveCfg = Release|Any CPU
		{9E9A646A-E6C2-449D-86E3-470E5FFE4155}.Release|Any CPU.Build.0 = Release|Any CPU
		{1764D30F-742A-49C7-986C-386C8E32BB0D}.Debug|Any CPU.ActiveCfg = Debug|Any CPU
		{1764D30F-742A-49C7-986C-386C8E32BB0D}.Debug|Any CPU.Build.0 = Debug|Any CPU
		{1764D30F-742A-49C7-986C-386C8E32BB0D}.Release|Any CPU.ActiveCfg = Release|Any CPU
		{1764D30F-742A-49C7-986C-386C8E32BB0D}.Release|Any CPU.Build.0 = Release|Any CPU
		{3C288B03-1C6A-4893-A9F2-CA60DC069181}.Debug|Any CPU.ActiveCfg = Debug|Any CPU
		{3C288B03-1C6A-4893-A9F2-CA60DC069181}.Debug|Any CPU.Build.0 = Debug|Any CPU
		{3C288B03-1C6A-4893-A9F2-CA60DC069181}.Release|Any CPU.ActiveCfg = Release|Any CPU
		{3C288B03-1C6A-4893-A9F2-CA60DC069181}.Release|Any CPU.Build.0 = Release|Any CPU
		{6CD8D9A3-92C0-434B-8199-2A0F9FDB40EA}.Debug|Any CPU.ActiveCfg = Debug|Any CPU
		{6CD8D9A3-92C0-434B-8199-2A0F9FDB40EA}.Debug|Any CPU.Build.0 = Debug|Any CPU
		{6CD8D9A3-92C0-434B-8199-2A0F9FDB40EA}.Release|Any CPU.ActiveCfg = Release|Any CPU
		{6CD8D9A3-92C0-434B-8199-2A0F9FDB40EA}.Release|Any CPU.Build.0 = Release|Any CPU
		{254EF05C-32F0-424E-8FBC-434C666BC0F3}.Debug|Any CPU.ActiveCfg = Debug|Any CPU
		{254EF05C-32F0-424E-8FBC-434C666BC0F3}.Debug|Any CPU.Build.0 = Debug|Any CPU
		{254EF05C-32F0-424E-8FBC-434C666BC0F3}.Release|Any CPU.ActiveCfg = Release|Any CPU
		{254EF05C-32F0-424E-8FBC-434C666BC0F3}.Release|Any CPU.Build.0 = Release|Any CPU
		{E6B73791-61C7-4430-A700-213A124D487B}.Debug|Any CPU.ActiveCfg = Debug|Any CPU
		{E6B73791-61C7-4430-A700-213A124D487B}.Debug|Any CPU.Build.0 = Debug|Any CPU
		{E6B73791-61C7-4430-A700-213A124D487B}.Release|Any CPU.ActiveCfg = Release|Any CPU
		{E6B73791-61C7-4430-A700-213A124D487B}.Release|Any CPU.Build.0 = Release|Any CPU
		{3686F8B1-A503-4EBC-8B8A-4058184C0DCF}.Debug|Any CPU.ActiveCfg = Debug|Any CPU
		{3686F8B1-A503-4EBC-8B8A-4058184C0DCF}.Debug|Any CPU.Build.0 = Debug|Any CPU
		{3686F8B1-A503-4EBC-8B8A-4058184C0DCF}.Release|Any CPU.ActiveCfg = Release|Any CPU
		{3686F8B1-A503-4EBC-8B8A-4058184C0DCF}.Release|Any CPU.Build.0 = Release|Any CPU
	EndGlobalSection
	GlobalSection(SolutionProperties) = preSolution
		HideSolutionNode = FALSE
	EndGlobalSection
	GlobalSection(NestedProjects) = preSolution
		{38422C28-4789-4F2B-B364-9ACDB8DF2B68} = {75D54A7B-19FB-4BC6-99DD-CB510EA51D81}
		{98E13F82-FAAB-4917-90F6-55B2AA5F16F8} = {38422C28-4789-4F2B-B364-9ACDB8DF2B68}
		{E425E302-D5F1-483C-87BF-3C2A5AFF9262} = {23FD72AB-705F-4900-8A48-6655C3505549}
		{9E9A646A-E6C2-449D-86E3-470E5FFE4155} = {1D55153E-2358-4336-ABD3-85994AC6A775}
		{1764D30F-742A-49C7-986C-386C8E32BB0D} = {139E565E-7186-43EB-80B6-B65689ED9A3C}
		{3C288B03-1C6A-4893-A9F2-CA60DC069181} = {A32ED74F-21F7-4CB7-929D-D224175F3E1F}
		{5421B4DD-FE5B-47CD-BF47-7FE609503077} = {5416033D-8977-4FB0-B4DC-CB5E2FAA7D1D}
		{779FFE09-A2A5-4C81-8D5A-4DB003A07B1F} = {5421B4DD-FE5B-47CD-BF47-7FE609503077}
		{55695007-ECFF-4EDB-80F8-7A79AAFF53AB} = {5421B4DD-FE5B-47CD-BF47-7FE609503077}
		{34FCC643-48AC-4570-9868-7B4A02C5C6C2} = {5421B4DD-FE5B-47CD-BF47-7FE609503077}
		{16092F7E-F393-4035-B0E4-E574C4C557F4} = {5421B4DD-FE5B-47CD-BF47-7FE609503077}
		{6CD8D9A3-92C0-434B-8199-2A0F9FDB40EA} = {16092F7E-F393-4035-B0E4-E574C4C557F4}
		{254EF05C-32F0-424E-8FBC-434C666BC0F3} = {34FCC643-48AC-4570-9868-7B4A02C5C6C2}
		{E6B73791-61C7-4430-A700-213A124D487B} = {55695007-ECFF-4EDB-80F8-7A79AAFF53AB}
		{3686F8B1-A503-4EBC-8B8A-4058184C0DCF} = {779FFE09-A2A5-4C81-8D5A-4DB003A07B1F}
		{68F71014-5A49-4C07-8EBB-48470428CAE3} = {5416033D-8977-4FB0-B4DC-CB5E2FAA7D1D}
		{28BC44E9-4F81-4207-89AC-D741959CDFBF} = {68F71014-5A49-4C07-8EBB-48470428CAE3}
		{7E1A8154-A159-41D4-8EC7-B5946A29F05D} = {68F71014-5A49-4C07-8EBB-48470428CAE3}
		{A51C2B2C-A2BD-4DC0-BF58-3CAA2D98F321} = {68F71014-5A49-4C07-8EBB-48470428CAE3}
		{841D1058-5EF3-494E-96C5-635CE03DDED5} = {68F71014-5A49-4C07-8EBB-48470428CAE3}
	EndGlobalSection
	GlobalSection(ExtensibilityGlobals) = postSolution
		SolutionGuid = {C0C4D596-006D-413C-9ADF-4A96DC49F271}
	EndGlobalSection
EndGlobal
