
Microsoft Visual Studio Solution File, Format Version 12.00
# Visual Studio Version 16
VisualStudioVersion = 16.0.30204.135
MinimumVisualStudioVersion = 10.0.40219.1
Project("{2150E333-8FDC-42A3-9474-1A3956D46DE8}") = "Domain", "Domain", "{23FD72AB-705F-4900-8A48-6655C3505549}"
EndProject
Project("{2150E333-8FDC-42A3-9474-1A3956D46DE8}") = "Infra.Bus", "Infra.Bus", "{1D55153E-2358-4336-ABD3-85994AC6A775}"
EndProject
Project("{2150E333-8FDC-42A3-9474-1A3956D46DE8}") = "Infra.IoC", "Infra.IoC", "{139E565E-7186-43EB-80B6-B65689ED9A3C}"
EndProject
Project("{2150E333-8FDC-42A3-9474-1A3956D46DE8}") = "Microservices", "Microservices", "{5416033D-8977-4FB0-B4DC-CB5E2FAA7D1D}"
EndProject
Project("{2150E333-8FDC-42A3-9474-1A3956D46DE8}") = "Gateway", "Gateway", "{75D54A7B-19FB-4BC6-99DD-CB510EA51D81}"
EndProject
Project("{2150E333-8FDC-42A3-9474-1A3956D46DE8}") = "Api", "Api", "{38422C28-4789-4F2B-B364-9ACDB8DF2B68}"
EndProject
Project("{FAE04EC0-301F-11D3-BF4B-00C04F79EFBC}") = "ISchool.Gateway.Api", "ISchool.Gateway.Api\ISchool.Gateway.Api.csproj", "{98E13F82-FAAB-4917-90F6-55B2AA5F16F8}"
EndProject
Global
	GlobalSection(SolutionConfigurationPlatforms) = preSolution
		Debug|Any CPU = Debug|Any CPU
		Release|Any CPU = Release|Any CPU
	EndGlobalSection
	GlobalSection(ProjectConfigurationPlatforms) = postSolution
		{98E13F82-FAAB-4917-90F6-55B2AA5F16F8}.Debug|Any CPU.ActiveCfg = Debug|Any CPU
		{98E13F82-FAAB-4917-90F6-55B2AA5F16F8}.Debug|Any CPU.Build.0 = Debug|Any CPU
		{98E13F82-FAAB-4917-90F6-55B2AA5F16F8}.Release|Any CPU.ActiveCfg = Release|Any CPU
		{98E13F82-FAAB-4917-90F6-55B2AA5F16F8}.Release|Any CPU.Build.0 = Release|Any CPU
	EndGlobalSection
	GlobalSection(SolutionProperties) = preSolution
		HideSolutionNode = FALSE
	EndGlobalSection
	GlobalSection(NestedProjects) = preSolution
		{38422C28-4789-4F2B-B364-9ACDB8DF2B68} = {75D54A7B-19FB-4BC6-99DD-CB510EA51D81}
		{98E13F82-FAAB-4917-90F6-55B2AA5F16F8} = {38422C28-4789-4F2B-B364-9ACDB8DF2B68}
	EndGlobalSection
	GlobalSection(ExtensibilityGlobals) = postSolution
		SolutionGuid = {C0C4D596-006D-413C-9ADF-4A96DC49F271}
	EndGlobalSection
EndGlobal
